// !$*UTF8*$!
{
	archiveVersion = 1;
	classes = {
	};
	objectVersion = 56;
	objects = {

/* Begin PBXBuildFile section */
		5A22000629CC4EBC00CF7969 /* Assets.swift in Sources */ = {isa = PBXBuildFile; fileRef = 5A22000429CC4EBC00CF7969 /* Assets.swift */; };
		5A22000729CC4EBC00CF7969 /* Text.swift in Sources */ = {isa = PBXBuildFile; fileRef = 5A22000529CC4EBC00CF7969 /* Text.swift */; };
		5A22000C29CC666100CF7969 /* MessageFieldView.swift in Sources */ = {isa = PBXBuildFile; fileRef = 5A22000B29CC666100CF7969 /* MessageFieldView.swift */; };
		5A22FFFF29CC4BA500CF7969 /* Localizable.strings in Resources */ = {isa = PBXBuildFile; fileRef = 5A22000129CC4BA500CF7969 /* Localizable.strings */; };
		5A4544AB29CB14CC006B40D6 /* UIColor.swift in Sources */ = {isa = PBXBuildFile; fileRef = 5A4544AA29CB14CC006B40D6 /* UIColor.swift */; };
		5A8C86C329C89DA700AB91A8 /* GuildSelectView.swift in Sources */ = {isa = PBXBuildFile; fileRef = 5A8C86C229C89DA700AB91A8 /* GuildSelectView.swift */; };
		5A8C86C729C8BFE700AB91A8 /* DataCache.swift in Sources */ = {isa = PBXBuildFile; fileRef = 5A8C86C629C8BFE700AB91A8 /* DataCache.swift */; };
		5A8C86C929C8C02400AB91A8 /* ImageLoader.swift in Sources */ = {isa = PBXBuildFile; fileRef = 5A8C86C829C8C02400AB91A8 /* ImageLoader.swift */; };
		5A8C86CC29C8D20900AB91A8 /* DiscordAttachment.swift in Sources */ = {isa = PBXBuildFile; fileRef = 5A8C86CB29C8D20900AB91A8 /* DiscordAttachment.swift */; };
		5A8C86CE29C8D9F500AB91A8 /* ChannelViewCell.swift in Sources */ = {isa = PBXBuildFile; fileRef = 5A8C86CD29C8D9F500AB91A8 /* ChannelViewCell.swift */; };
		5A8C86D729C90F0300AB91A8 /* DividerView.swift in Sources */ = {isa = PBXBuildFile; fileRef = 5A8C86D529C90F0300AB91A8 /* DividerView.swift */; };
		5A8C86D829C90F0300AB91A8 /* CachedImageView.swift in Sources */ = {isa = PBXBuildFile; fileRef = 5A8C86D629C90F0300AB91A8 /* CachedImageView.swift */; };
		5AA6697A29C9B4A700FA76B6 /* String.swift in Sources */ = {isa = PBXBuildFile; fileRef = 5AA6697929C9B4A700FA76B6 /* String.swift */; };
		5AA6697C29C9B4BF00FA76B6 /* NSObject.swift in Sources */ = {isa = PBXBuildFile; fileRef = 5AA6697B29C9B4BF00FA76B6 /* NSObject.swift */; };
		5AA6697E29C9B4D800FA76B6 /* UIViewController.swift in Sources */ = {isa = PBXBuildFile; fileRef = 5AA6697D29C9B4D800FA76B6 /* UIViewController.swift */; };
		5AA6698029C9B53900FA76B6 /* Error.swift in Sources */ = {isa = PBXBuildFile; fileRef = 5AA6697F29C9B53900FA76B6 /* Error.swift */; };
		5AA6698229C9B54700FA76B6 /* URLResponse.swift in Sources */ = {isa = PBXBuildFile; fileRef = 5AA6698129C9B54700FA76B6 /* URLResponse.swift */; };
		5AA6698429C9B55700FA76B6 /* NSLock.swift in Sources */ = {isa = PBXBuildFile; fileRef = 5AA6698329C9B55700FA76B6 /* NSLock.swift */; };
		5AA6698629C9B56C00FA76B6 /* Staging.swift in Sources */ = {isa = PBXBuildFile; fileRef = 5AA6698529C9B56C00FA76B6 /* Staging.swift */; };
		5AA6698829C9B67300FA76B6 /* NetworkingError.swift in Sources */ = {isa = PBXBuildFile; fileRef = 5AA6698729C9B67300FA76B6 /* NetworkingError.swift */; };
		5AA6698B29C9BAB100FA76B6 /* AuthViewController.swift in Sources */ = {isa = PBXBuildFile; fileRef = 5AA6698A29C9BAB100FA76B6 /* AuthViewController.swift */; };
		5AA6698E29C9CB4500FA76B6 /* TokenService.swift in Sources */ = {isa = PBXBuildFile; fileRef = 5AA6698D29C9CB4500FA76B6 /* TokenService.swift */; };
		5AA6699029C9CC7F00FA76B6 /* KeychainStorage.swift in Sources */ = {isa = PBXBuildFile; fileRef = 5AA6698F29C9CC7F00FA76B6 /* KeychainStorage.swift */; };
		5AC087AF29C7869000A01A58 /* AppDelegate.swift in Sources */ = {isa = PBXBuildFile; fileRef = 5AC087AE29C7869000A01A58 /* AppDelegate.swift */; };
		5AC087B129C7869000A01A58 /* SceneDelegate.swift in Sources */ = {isa = PBXBuildFile; fileRef = 5AC087B029C7869000A01A58 /* SceneDelegate.swift */; };
		5AC087B829C7869200A01A58 /* Assets.xcassets in Resources */ = {isa = PBXBuildFile; fileRef = 5AC087B729C7869200A01A58 /* Assets.xcassets */; };
		5AC087BB29C7869200A01A58 /* LaunchScreen.storyboard in Resources */ = {isa = PBXBuildFile; fileRef = 5AC087B929C7869200A01A58 /* LaunchScreen.storyboard */; };
		5AC087C429C78C6800A01A58 /* DiscordClient.swift in Sources */ = {isa = PBXBuildFile; fileRef = 5AC087C329C78C6800A01A58 /* DiscordClient.swift */; };
		5AC087CB29C7AA6E00A01A58 /* DiscordGuild.swift in Sources */ = {isa = PBXBuildFile; fileRef = 5AC087CA29C7AA6E00A01A58 /* DiscordGuild.swift */; };
		5AC087CD29C7AA8400A01A58 /* DiscordChannel.swift in Sources */ = {isa = PBXBuildFile; fileRef = 5AC087CC29C7AA8400A01A58 /* DiscordChannel.swift */; };
		5AC087CF29C7AA9500A01A58 /* DiscordUser.swift in Sources */ = {isa = PBXBuildFile; fileRef = 5AC087CE29C7AA9500A01A58 /* DiscordUser.swift */; };
		5AC087D129C7AAA800A01A58 /* DiscordMessage.swift in Sources */ = {isa = PBXBuildFile; fileRef = 5AC087D029C7AAA800A01A58 /* DiscordMessage.swift */; };
		5AC087D529C8656000A01A58 /* Logger.swift in Sources */ = {isa = PBXBuildFile; fileRef = 5AC087D429C8656000A01A58 /* Logger.swift */; };
		5AC087D829C868CD00A01A58 /* MainViewController.swift in Sources */ = {isa = PBXBuildFile; fileRef = 5AC087D729C868CD00A01A58 /* MainViewController.swift */; };
		5AC087DD29C882B600A01A58 /* GuildViewCell.swift in Sources */ = {isa = PBXBuildFile; fileRef = 5AC087DC29C882B600A01A58 /* GuildViewCell.swift */; };
		5AC6354929CD8883003C4CE9 /* Coordinator.swift in Sources */ = {isa = PBXBuildFile; fileRef = 5AC6354829CD8883003C4CE9 /* Coordinator.swift */; };
		96C426EC28D1D58182B295F5 /* Pods_DiscordApp.framework in Frameworks */ = {isa = PBXBuildFile; fileRef = 9E4C6B68594B3910FCC39AA5 /* Pods_DiscordApp.framework */; };
		F9D055E729C8C5A100C55037 /* MessagesViewController.swift in Sources */ = {isa = PBXBuildFile; fileRef = F9D055E629C8C5A100C55037 /* MessagesViewController.swift */; };
		F9D055EA29C8C70400C55037 /* MessageTableViewCell.swift in Sources */ = {isa = PBXBuildFile; fileRef = F9D055E929C8C70400C55037 /* MessageTableViewCell.swift */; };
		F9D055ED29CA20EF00C55037 /* CircularButton.swift in Sources */ = {isa = PBXBuildFile; fileRef = F9D055EC29CA20EF00C55037 /* CircularButton.swift */; };
/* End PBXBuildFile section */

/* Begin PBXFileReference section */
		05C23A579C0EC7D6532D645A /* Pods-DiscordApp.release.xcconfig */ = {isa = PBXFileReference; includeInIndex = 1; lastKnownFileType = text.xcconfig; name = "Pods-DiscordApp.release.xcconfig"; path = "Target Support Files/Pods-DiscordApp/Pods-DiscordApp.release.xcconfig"; sourceTree = "<group>"; };
		5A22000029CC4BA500CF7969 /* en */ = {isa = PBXFileReference; lastKnownFileType = text.plist.strings; name = en; path = en.lproj/Localizable.strings; sourceTree = "<group>"; };
		5A22000229CC4BB100CF7969 /* uk */ = {isa = PBXFileReference; lastKnownFileType = text.plist.strings; name = uk; path = uk.lproj/Localizable.strings; sourceTree = "<group>"; };
		5A22000429CC4EBC00CF7969 /* Assets.swift */ = {isa = PBXFileReference; fileEncoding = 4; lastKnownFileType = sourcecode.swift; path = Assets.swift; sourceTree = "<group>"; };
		5A22000529CC4EBC00CF7969 /* Text.swift */ = {isa = PBXFileReference; fileEncoding = 4; lastKnownFileType = sourcecode.swift; path = Text.swift; sourceTree = "<group>"; };
		5A22000B29CC666100CF7969 /* MessageFieldView.swift */ = {isa = PBXFileReference; lastKnownFileType = sourcecode.swift; path = MessageFieldView.swift; sourceTree = "<group>"; };
		5A4544AA29CB14CC006B40D6 /* UIColor.swift */ = {isa = PBXFileReference; lastKnownFileType = sourcecode.swift; path = UIColor.swift; sourceTree = "<group>"; };
		5A8C86C229C89DA700AB91A8 /* GuildSelectView.swift */ = {isa = PBXFileReference; lastKnownFileType = sourcecode.swift; path = GuildSelectView.swift; sourceTree = "<group>"; };
		5A8C86C629C8BFE700AB91A8 /* DataCache.swift */ = {isa = PBXFileReference; lastKnownFileType = sourcecode.swift; path = DataCache.swift; sourceTree = "<group>"; };
		5A8C86C829C8C02400AB91A8 /* ImageLoader.swift */ = {isa = PBXFileReference; lastKnownFileType = sourcecode.swift; path = ImageLoader.swift; sourceTree = "<group>"; };
		5A8C86CB29C8D20900AB91A8 /* DiscordAttachment.swift */ = {isa = PBXFileReference; lastKnownFileType = sourcecode.swift; path = DiscordAttachment.swift; sourceTree = "<group>"; };
		5A8C86CD29C8D9F500AB91A8 /* ChannelViewCell.swift */ = {isa = PBXFileReference; lastKnownFileType = sourcecode.swift; path = ChannelViewCell.swift; sourceTree = "<group>"; };
		5A8C86D529C90F0300AB91A8 /* DividerView.swift */ = {isa = PBXFileReference; fileEncoding = 4; lastKnownFileType = sourcecode.swift; path = DividerView.swift; sourceTree = "<group>"; };
		5A8C86D629C90F0300AB91A8 /* CachedImageView.swift */ = {isa = PBXFileReference; fileEncoding = 4; lastKnownFileType = sourcecode.swift; path = CachedImageView.swift; sourceTree = "<group>"; };
		5AA6697929C9B4A700FA76B6 /* String.swift */ = {isa = PBXFileReference; lastKnownFileType = sourcecode.swift; path = String.swift; sourceTree = "<group>"; };
		5AA6697B29C9B4BF00FA76B6 /* NSObject.swift */ = {isa = PBXFileReference; lastKnownFileType = sourcecode.swift; path = NSObject.swift; sourceTree = "<group>"; };
		5AA6697D29C9B4D800FA76B6 /* UIViewController.swift */ = {isa = PBXFileReference; lastKnownFileType = sourcecode.swift; path = UIViewController.swift; sourceTree = "<group>"; };
		5AA6697F29C9B53900FA76B6 /* Error.swift */ = {isa = PBXFileReference; lastKnownFileType = sourcecode.swift; path = Error.swift; sourceTree = "<group>"; };
		5AA6698129C9B54700FA76B6 /* URLResponse.swift */ = {isa = PBXFileReference; lastKnownFileType = sourcecode.swift; path = URLResponse.swift; sourceTree = "<group>"; };
		5AA6698329C9B55700FA76B6 /* NSLock.swift */ = {isa = PBXFileReference; lastKnownFileType = sourcecode.swift; path = NSLock.swift; sourceTree = "<group>"; };
		5AA6698529C9B56C00FA76B6 /* Staging.swift */ = {isa = PBXFileReference; lastKnownFileType = sourcecode.swift; path = Staging.swift; sourceTree = "<group>"; };
		5AA6698729C9B67300FA76B6 /* NetworkingError.swift */ = {isa = PBXFileReference; lastKnownFileType = sourcecode.swift; path = NetworkingError.swift; sourceTree = "<group>"; };
		5AA6698A29C9BAB100FA76B6 /* AuthViewController.swift */ = {isa = PBXFileReference; lastKnownFileType = sourcecode.swift; path = AuthViewController.swift; sourceTree = "<group>"; };
		5AA6698D29C9CB4500FA76B6 /* TokenService.swift */ = {isa = PBXFileReference; lastKnownFileType = sourcecode.swift; path = TokenService.swift; sourceTree = "<group>"; };
		5AA6698F29C9CC7F00FA76B6 /* KeychainStorage.swift */ = {isa = PBXFileReference; lastKnownFileType = sourcecode.swift; path = KeychainStorage.swift; sourceTree = "<group>"; };
		5AC087AB29C7869000A01A58 /* DiscordApp.app */ = {isa = PBXFileReference; explicitFileType = wrapper.application; includeInIndex = 0; path = DiscordApp.app; sourceTree = BUILT_PRODUCTS_DIR; };
		5AC087AE29C7869000A01A58 /* AppDelegate.swift */ = {isa = PBXFileReference; lastKnownFileType = sourcecode.swift; path = AppDelegate.swift; sourceTree = "<group>"; };
		5AC087B029C7869000A01A58 /* SceneDelegate.swift */ = {isa = PBXFileReference; lastKnownFileType = sourcecode.swift; path = SceneDelegate.swift; sourceTree = "<group>"; };
		5AC087B729C7869200A01A58 /* Assets.xcassets */ = {isa = PBXFileReference; lastKnownFileType = folder.assetcatalog; path = Assets.xcassets; sourceTree = "<group>"; };
		5AC087BA29C7869200A01A58 /* Base */ = {isa = PBXFileReference; lastKnownFileType = file.storyboard; name = Base; path = Base.lproj/LaunchScreen.storyboard; sourceTree = "<group>"; };
		5AC087BC29C7869200A01A58 /* Info.plist */ = {isa = PBXFileReference; lastKnownFileType = text.plist.xml; path = Info.plist; sourceTree = "<group>"; };
		5AC087C329C78C6800A01A58 /* DiscordClient.swift */ = {isa = PBXFileReference; lastKnownFileType = sourcecode.swift; path = DiscordClient.swift; sourceTree = "<group>"; };
		5AC087CA29C7AA6E00A01A58 /* DiscordGuild.swift */ = {isa = PBXFileReference; lastKnownFileType = sourcecode.swift; path = DiscordGuild.swift; sourceTree = "<group>"; };
		5AC087CC29C7AA8400A01A58 /* DiscordChannel.swift */ = {isa = PBXFileReference; lastKnownFileType = sourcecode.swift; path = DiscordChannel.swift; sourceTree = "<group>"; };
		5AC087CE29C7AA9500A01A58 /* DiscordUser.swift */ = {isa = PBXFileReference; lastKnownFileType = sourcecode.swift; path = DiscordUser.swift; sourceTree = "<group>"; };
		5AC087D029C7AAA800A01A58 /* DiscordMessage.swift */ = {isa = PBXFileReference; lastKnownFileType = sourcecode.swift; path = DiscordMessage.swift; sourceTree = "<group>"; };
		5AC087D429C8656000A01A58 /* Logger.swift */ = {isa = PBXFileReference; lastKnownFileType = sourcecode.swift; path = Logger.swift; sourceTree = "<group>"; };
		5AC087D729C868CD00A01A58 /* MainViewController.swift */ = {isa = PBXFileReference; lastKnownFileType = sourcecode.swift; path = MainViewController.swift; sourceTree = "<group>"; };
		5AC087DC29C882B600A01A58 /* GuildViewCell.swift */ = {isa = PBXFileReference; lastKnownFileType = sourcecode.swift; path = GuildViewCell.swift; sourceTree = "<group>"; };
		5AC6354829CD8883003C4CE9 /* Coordinator.swift */ = {isa = PBXFileReference; lastKnownFileType = sourcecode.swift; path = Coordinator.swift; sourceTree = "<group>"; };
		9E4C6B68594B3910FCC39AA5 /* Pods_DiscordApp.framework */ = {isa = PBXFileReference; explicitFileType = wrapper.framework; includeInIndex = 0; path = Pods_DiscordApp.framework; sourceTree = BUILT_PRODUCTS_DIR; };
		B728ACE47C1728A2AF16C50A /* Pods-DiscordApp.debug.xcconfig */ = {isa = PBXFileReference; includeInIndex = 1; lastKnownFileType = text.xcconfig; name = "Pods-DiscordApp.debug.xcconfig"; path = "Target Support Files/Pods-DiscordApp/Pods-DiscordApp.debug.xcconfig"; sourceTree = "<group>"; };
		F9D055E629C8C5A100C55037 /* MessagesViewController.swift */ = {isa = PBXFileReference; lastKnownFileType = sourcecode.swift; path = MessagesViewController.swift; sourceTree = "<group>"; };
		F9D055E929C8C70400C55037 /* MessageTableViewCell.swift */ = {isa = PBXFileReference; lastKnownFileType = sourcecode.swift; path = MessageTableViewCell.swift; sourceTree = "<group>"; };
		F9D055EC29CA20EF00C55037 /* CircularButton.swift */ = {isa = PBXFileReference; lastKnownFileType = sourcecode.swift; path = CircularButton.swift; sourceTree = "<group>"; };
/* End PBXFileReference section */

/* Begin PBXFrameworksBuildPhase section */
		5AC087A829C7869000A01A58 /* Frameworks */ = {
			isa = PBXFrameworksBuildPhase;
			buildActionMask = 2147483647;
			files = (
				96C426EC28D1D58182B295F5 /* Pods_DiscordApp.framework in Frameworks */,
			);
			runOnlyForDeploymentPostprocessing = 0;
		};
/* End PBXFrameworksBuildPhase section */

/* Begin PBXGroup section */
		4DB4590CB662F3E8FF14BBF8 /* Pods */ = {
			isa = PBXGroup;
			children = (
				B728ACE47C1728A2AF16C50A /* Pods-DiscordApp.debug.xcconfig */,
				05C23A579C0EC7D6532D645A /* Pods-DiscordApp.release.xcconfig */,
			);
			path = Pods;
			sourceTree = "<group>";
		};
		5A22000329CC4C7400CF7969 /* SwiftGen */ = {
			isa = PBXGroup;
			children = (
				5A22000429CC4EBC00CF7969 /* Assets.swift */,
				5A22000529CC4EBC00CF7969 /* Text.swift */,
			);
			path = SwiftGen;
			sourceTree = "<group>";
		};
		5A22FFFA29CC4A3300CF7969 /* Localizations */ = {
			isa = PBXGroup;
			children = (
				5A22000129CC4BA500CF7969 /* Localizable.strings */,
			);
			path = Localizations;
			sourceTree = "<group>";
		};
		5A8C86C429C8BE4F00AB91A8 /* Main */ = {
			isa = PBXGroup;
			children = (
				5A8C86CA29C8C2F900AB91A8 /* Subviews */,
				5AC087D729C868CD00A01A58 /* MainViewController.swift */,
			);
			path = Main;
			sourceTree = "<group>";
		};
		5A8C86CA29C8C2F900AB91A8 /* Subviews */ = {
			isa = PBXGroup;
			children = (
				5AC087DC29C882B600A01A58 /* GuildViewCell.swift */,
				5A8C86C229C89DA700AB91A8 /* GuildSelectView.swift */,
				5A8C86CD29C8D9F500AB91A8 /* ChannelViewCell.swift */,
			);
			path = Subviews;
			sourceTree = "<group>";
		};
		5A8C86D429C90F0300AB91A8 /* Subviews */ = {
			isa = PBXGroup;
			children = (
				5A8C86D529C90F0300AB91A8 /* DividerView.swift */,
				5A8C86D629C90F0300AB91A8 /* CachedImageView.swift */,
			);
			path = Subviews;
			sourceTree = "<group>";
		};
		5AA6697829C9B49500FA76B6 /* Extensions */ = {
			isa = PBXGroup;
			children = (
				5AA6697929C9B4A700FA76B6 /* String.swift */,
				5AA6697B29C9B4BF00FA76B6 /* NSObject.swift */,
				5AA6697D29C9B4D800FA76B6 /* UIViewController.swift */,
				5AA6697F29C9B53900FA76B6 /* Error.swift */,
				5AA6698129C9B54700FA76B6 /* URLResponse.swift */,
				5AA6698329C9B55700FA76B6 /* NSLock.swift */,
				5A4544AA29CB14CC006B40D6 /* UIColor.swift */,
			);
			path = Extensions;
			sourceTree = "<group>";
		};
		5AA6698929C9BA8A00FA76B6 /* Auth */ = {
			isa = PBXGroup;
			children = (
				5AA6698A29C9BAB100FA76B6 /* AuthViewController.swift */,
			);
			path = Auth;
			sourceTree = "<group>";
		};
		5AA6698C29C9CB3500FA76B6 /* Services */ = {
			isa = PBXGroup;
			children = (
				5AA6698D29C9CB4500FA76B6 /* TokenService.swift */,
			);
			path = Services;
			sourceTree = "<group>";
		};
		5AC087A229C7869000A01A58 = {
			isa = PBXGroup;
			children = (
				5AC087AD29C7869000A01A58 /* DiscordApp */,
				5AC087AC29C7869000A01A58 /* Products */,
				4DB4590CB662F3E8FF14BBF8 /* Pods */,
				FB2ADC7926679632C522105A /* Frameworks */,
			);
			sourceTree = "<group>";
		};
		5AC087AC29C7869000A01A58 /* Products */ = {
			isa = PBXGroup;
			children = (
				5AC087AB29C7869000A01A58 /* DiscordApp.app */,
			);
			name = Products;
			sourceTree = "<group>";
		};
		5AC087AD29C7869000A01A58 /* DiscordApp */ = {
			isa = PBXGroup;
			children = (
				5A22000329CC4C7400CF7969 /* SwiftGen */,
				5AA6698C29C9CB3500FA76B6 /* Services */,
				5AC087C229C78C5900A01A58 /* Network */,
				5AC087D629C868A800A01A58 /* UI */,
				5A22FFFA29CC4A3300CF7969 /* Localizations */,
				5AA6697829C9B49500FA76B6 /* Extensions */,
				5AC087AE29C7869000A01A58 /* AppDelegate.swift */,
				5AC087B029C7869000A01A58 /* SceneDelegate.swift */,
				5AC6354829CD8883003C4CE9 /* Coordinator.swift */,
				5AC087D429C8656000A01A58 /* Logger.swift */,
				5AA6698F29C9CC7F00FA76B6 /* KeychainStorage.swift */,
				5AC087B929C7869200A01A58 /* LaunchScreen.storyboard */,
				5AC087B729C7869200A01A58 /* Assets.xcassets */,
				5AC087BC29C7869200A01A58 /* Info.plist */,
			);
			path = DiscordApp;
			sourceTree = "<group>";
		};
		5AC087C229C78C5900A01A58 /* Network */ = {
			isa = PBXGroup;
			children = (
				5AC087C929C7AA6600A01A58 /* Models */,
				5AC087C329C78C6800A01A58 /* DiscordClient.swift */,
				5A8C86C629C8BFE700AB91A8 /* DataCache.swift */,
				5A8C86C829C8C02400AB91A8 /* ImageLoader.swift */,
				5AA6698529C9B56C00FA76B6 /* Staging.swift */,
				5AA6698729C9B67300FA76B6 /* NetworkingError.swift */,
			);
			path = Network;
			sourceTree = "<group>";
		};
		5AC087C929C7AA6600A01A58 /* Models */ = {
			isa = PBXGroup;
			children = (
				5AC087CA29C7AA6E00A01A58 /* DiscordGuild.swift */,
				5AC087CC29C7AA8400A01A58 /* DiscordChannel.swift */,
				5AC087CE29C7AA9500A01A58 /* DiscordUser.swift */,
				5AC087D029C7AAA800A01A58 /* DiscordMessage.swift */,
				5A8C86CB29C8D20900AB91A8 /* DiscordAttachment.swift */,
			);
			path = Models;
			sourceTree = "<group>";
		};
		5AC087D629C868A800A01A58 /* UI */ = {
			isa = PBXGroup;
			children = (
				5A8C86C429C8BE4F00AB91A8 /* Main */,
				5AA6698929C9BA8A00FA76B6 /* Auth */,
				F9D055E829C8C5AF00C55037 /* Messages */,
				5A8C86D429C90F0300AB91A8 /* Subviews */,
			);
			path = UI;
			sourceTree = "<group>";
		};
		F9D055E829C8C5AF00C55037 /* Messages */ = {
			isa = PBXGroup;
			children = (
				F9D055EB29C8C70900C55037 /* Subviews */,
				F9D055E629C8C5A100C55037 /* MessagesViewController.swift */,
			);
			path = Messages;
			sourceTree = "<group>";
		};
		F9D055EB29C8C70900C55037 /* Subviews */ = {
			isa = PBXGroup;
			children = (
				F9D055E929C8C70400C55037 /* MessageTableViewCell.swift */,
				F9D055EC29CA20EF00C55037 /* CircularButton.swift */,
				5A22000B29CC666100CF7969 /* MessageFieldView.swift */,
			);
			path = Subviews;
			sourceTree = "<group>";
		};
		FB2ADC7926679632C522105A /* Frameworks */ = {
			isa = PBXGroup;
			children = (
				9E4C6B68594B3910FCC39AA5 /* Pods_DiscordApp.framework */,
			);
			name = Frameworks;
			sourceTree = "<group>";
		};
/* End PBXGroup section */

/* Begin PBXNativeTarget section */
		5AC087AA29C7869000A01A58 /* DiscordApp */ = {
			isa = PBXNativeTarget;
			buildConfigurationList = 5AC087BF29C7869200A01A58 /* Build configuration list for PBXNativeTarget "DiscordApp" */;
			buildPhases = (
				08F91CC82655CF750D8A9FF1 /* [CP] Check Pods Manifest.lock */,
				5A22FFF929CC4A1900CF7969 /* SwiftGen */,
				5A22000829CC510500CF7969 /* SwiftLint */,
				5AC087A729C7869000A01A58 /* Sources */,
				5AC087A829C7869000A01A58 /* Frameworks */,
				5AC087A929C7869000A01A58 /* Resources */,
			);
			buildRules = (
			);
			dependencies = (
			);
			name = DiscordApp;
			productName = DiscordApp;
			productReference = 5AC087AB29C7869000A01A58 /* DiscordApp.app */;
			productType = "com.apple.product-type.application";
		};
/* End PBXNativeTarget section */

/* Begin PBXProject section */
		5AC087A329C7869000A01A58 /* Project object */ = {
			isa = PBXProject;
			attributes = {
				BuildIndependentTargetsInParallel = 1;
				LastSwiftUpdateCheck = 1420;
				LastUpgradeCheck = 1420;
				TargetAttributes = {
					5AC087AA29C7869000A01A58 = {
						CreatedOnToolsVersion = 14.2;
					};
				};
			};
			buildConfigurationList = 5AC087A629C7869000A01A58 /* Build configuration list for PBXProject "DiscordApp" */;
			compatibilityVersion = "Xcode 14.0";
			developmentRegion = en;
			hasScannedForEncodings = 0;
			knownRegions = (
				en,
				Base,
				uk,
			);
			mainGroup = 5AC087A229C7869000A01A58;
			productRefGroup = 5AC087AC29C7869000A01A58 /* Products */;
			projectDirPath = "";
			projectRoot = "";
			targets = (
				5AC087AA29C7869000A01A58 /* DiscordApp */,
			);
		};
/* End PBXProject section */

/* Begin PBXResourcesBuildPhase section */
		5AC087A929C7869000A01A58 /* Resources */ = {
			isa = PBXResourcesBuildPhase;
			buildActionMask = 2147483647;
			files = (
				5A22FFFF29CC4BA500CF7969 /* Localizable.strings in Resources */,
				5AC087BB29C7869200A01A58 /* LaunchScreen.storyboard in Resources */,
				5AC087B829C7869200A01A58 /* Assets.xcassets in Resources */,
			);
			runOnlyForDeploymentPostprocessing = 0;
		};
/* End PBXResourcesBuildPhase section */

/* Begin PBXShellScriptBuildPhase section */
		08F91CC82655CF750D8A9FF1 /* [CP] Check Pods Manifest.lock */ = {
			isa = PBXShellScriptBuildPhase;
			buildActionMask = 2147483647;
			files = (
			);
			inputFileListPaths = (
			);
			inputPaths = (
				"${PODS_PODFILE_DIR_PATH}/Podfile.lock",
				"${PODS_ROOT}/Manifest.lock",
			);
			name = "[CP] Check Pods Manifest.lock";
			outputFileListPaths = (
			);
			outputPaths = (
				"$(DERIVED_FILE_DIR)/Pods-DiscordApp-checkManifestLockResult.txt",
			);
			runOnlyForDeploymentPostprocessing = 0;
			shellPath = /bin/sh;
			shellScript = "diff \"${PODS_PODFILE_DIR_PATH}/Podfile.lock\" \"${PODS_ROOT}/Manifest.lock\" > /dev/null\nif [ $? != 0 ] ; then\n    # print error to STDERR\n    echo \"error: The sandbox is not in sync with the Podfile.lock. Run 'pod install' or update your CocoaPods installation.\" >&2\n    exit 1\nfi\n# This output is used by Xcode 'outputs' to avoid re-running this script phase.\necho \"SUCCESS\" > \"${SCRIPT_OUTPUT_FILE_0}\"\n";
			showEnvVarsInLog = 0;
		};
		5A22000829CC510500CF7969 /* SwiftLint */ = {
			isa = PBXShellScriptBuildPhase;
			buildActionMask = 2147483647;
			files = (
			);
			inputFileListPaths = (
			);
			inputPaths = (
			);
			name = SwiftLint;
			outputFileListPaths = (
			);
			outputPaths = (
			);
			runOnlyForDeploymentPostprocessing = 0;
			shellPath = /bin/sh;
			shellScript = "\"${PODS_ROOT}\"/SwiftLint/swiftlint\n";
		};
		5A22FFF929CC4A1900CF7969 /* SwiftGen */ = {
			isa = PBXShellScriptBuildPhase;
			buildActionMask = 2147483647;
			files = (
			);
			inputFileListPaths = (
			);
			inputPaths = (
			);
			name = SwiftGen;
			outputFileListPaths = (
			);
			outputPaths = (
			);
			runOnlyForDeploymentPostprocessing = 0;
			shellPath = /bin/sh;
			shellScript = "if [[ -f \"${PODS_ROOT}/SwiftGen/bin/swiftgen\" ]]; then\n  \"$PODS_ROOT\"/SwiftGen/bin/swiftgen\nelse\n  echo \"warning: SwiftGen is not installed. Run 'pod install --repo-update' to install it.\"\nfi\n";
		};
/* End PBXShellScriptBuildPhase section */

/* Begin PBXSourcesBuildPhase section */
		5AC087A729C7869000A01A58 /* Sources */ = {
			isa = PBXSourcesBuildPhase;
			buildActionMask = 2147483647;
			files = (
				5A8C86C329C89DA700AB91A8 /* GuildSelectView.swift in Sources */,
				5AA6697C29C9B4BF00FA76B6 /* NSObject.swift in Sources */,
				5A8C86D829C90F0300AB91A8 /* CachedImageView.swift in Sources */,
				5AC087CB29C7AA6E00A01A58 /* DiscordGuild.swift in Sources */,
				F9D055ED29CA20EF00C55037 /* CircularButton.swift in Sources */,
				5A4544AB29CB14CC006B40D6 /* UIColor.swift in Sources */,
				5AA6698829C9B67300FA76B6 /* NetworkingError.swift in Sources */,
				5AC087D829C868CD00A01A58 /* MainViewController.swift in Sources */,
				5AC6354929CD8883003C4CE9 /* Coordinator.swift in Sources */,
				F9D055EA29C8C70400C55037 /* MessageTableViewCell.swift in Sources */,
				5AA6697E29C9B4D800FA76B6 /* UIViewController.swift in Sources */,
				5AA6698429C9B55700FA76B6 /* NSLock.swift in Sources */,
				5A8C86D729C90F0300AB91A8 /* DividerView.swift in Sources */,
				5A8C86C729C8BFE700AB91A8 /* DataCache.swift in Sources */,
				5A8C86CE29C8D9F500AB91A8 /* ChannelViewCell.swift in Sources */,
				5A8C86CC29C8D20900AB91A8 /* DiscordAttachment.swift in Sources */,
				5AC087CD29C7AA8400A01A58 /* DiscordChannel.swift in Sources */,
				5AC087CF29C7AA9500A01A58 /* DiscordUser.swift in Sources */,
				5AC087DD29C882B600A01A58 /* GuildViewCell.swift in Sources */,
				5AC087C429C78C6800A01A58 /* DiscordClient.swift in Sources */,
				5AA6699029C9CC7F00FA76B6 /* KeychainStorage.swift in Sources */,
				5AC087D529C8656000A01A58 /* Logger.swift in Sources */,
				5AA6698E29C9CB4500FA76B6 /* TokenService.swift in Sources */,
				5AA6698029C9B53900FA76B6 /* Error.swift in Sources */,
				5A22000629CC4EBC00CF7969 /* Assets.swift in Sources */,
				5AC087D129C7AAA800A01A58 /* DiscordMessage.swift in Sources */,
				5AA6698229C9B54700FA76B6 /* URLResponse.swift in Sources */,
				5A8C86C929C8C02400AB91A8 /* ImageLoader.swift in Sources */,
				5AC087AF29C7869000A01A58 /* AppDelegate.swift in Sources */,
				5A22000C29CC666100CF7969 /* MessageFieldView.swift in Sources */,
				5A22000729CC4EBC00CF7969 /* Text.swift in Sources */,
				5AA6698629C9B56C00FA76B6 /* Staging.swift in Sources */,
				5AA6698B29C9BAB100FA76B6 /* AuthViewController.swift in Sources */,
				5AA6697A29C9B4A700FA76B6 /* String.swift in Sources */,
				F9D055E729C8C5A100C55037 /* MessagesViewController.swift in Sources */,
				5AC087B129C7869000A01A58 /* SceneDelegate.swift in Sources */,
			);
			runOnlyForDeploymentPostprocessing = 0;
		};
/* End PBXSourcesBuildPhase section */

/* Begin PBXVariantGroup section */
		5A22000129CC4BA500CF7969 /* Localizable.strings */ = {
			isa = PBXVariantGroup;
			children = (
				5A22000029CC4BA500CF7969 /* en */,
				5A22000229CC4BB100CF7969 /* uk */,
			);
			name = Localizable.strings;
			sourceTree = "<group>";
		};
		5AC087B929C7869200A01A58 /* LaunchScreen.storyboard */ = {
			isa = PBXVariantGroup;
			children = (
				5AC087BA29C7869200A01A58 /* Base */,
			);
			name = LaunchScreen.storyboard;
			sourceTree = "<group>";
		};
/* End PBXVariantGroup section */

/* Begin XCBuildConfiguration section */
		5AC087BD29C7869200A01A58 /* Debug */ = {
			isa = XCBuildConfiguration;
			buildSettings = {
				ALWAYS_SEARCH_USER_PATHS = NO;
				CLANG_ANALYZER_LOCALIZABILITY_NONLOCALIZED = YES;
				CLANG_ANALYZER_NONNULL = YES;
				CLANG_ANALYZER_NUMBER_OBJECT_CONVERSION = YES_AGGRESSIVE;
				CLANG_CXX_LANGUAGE_STANDARD = "gnu++20";
				CLANG_ENABLE_MODULES = YES;
				CLANG_ENABLE_OBJC_ARC = YES;
				CLANG_ENABLE_OBJC_WEAK = YES;
				CLANG_WARN_BLOCK_CAPTURE_AUTORELEASING = YES;
				CLANG_WARN_BOOL_CONVERSION = YES;
				CLANG_WARN_COMMA = YES;
				CLANG_WARN_CONSTANT_CONVERSION = YES;
				CLANG_WARN_DEPRECATED_OBJC_IMPLEMENTATIONS = YES;
				CLANG_WARN_DIRECT_OBJC_ISA_USAGE = YES_ERROR;
				CLANG_WARN_DOCUMENTATION_COMMENTS = YES;
				CLANG_WARN_EMPTY_BODY = YES;
				CLANG_WARN_ENUM_CONVERSION = YES;
				CLANG_WARN_INFINITE_RECURSION = YES;
				CLANG_WARN_INT_CONVERSION = YES;
				CLANG_WARN_NON_LITERAL_NULL_CONVERSION = YES;
				CLANG_WARN_OBJC_IMPLICIT_RETAIN_SELF = YES;
				CLANG_WARN_OBJC_LITERAL_CONVERSION = YES;
				CLANG_WARN_OBJC_ROOT_CLASS = YES_ERROR;
				CLANG_WARN_QUOTED_INCLUDE_IN_FRAMEWORK_HEADER = YES;
				CLANG_WARN_RANGE_LOOP_ANALYSIS = YES;
				CLANG_WARN_STRICT_PROTOTYPES = YES;
				CLANG_WARN_SUSPICIOUS_MOVE = YES;
				CLANG_WARN_UNGUARDED_AVAILABILITY = YES_AGGRESSIVE;
				CLANG_WARN_UNREACHABLE_CODE = YES;
				CLANG_WARN__DUPLICATE_METHOD_MATCH = YES;
				COPY_PHASE_STRIP = NO;
				DEBUG_INFORMATION_FORMAT = dwarf;
				ENABLE_STRICT_OBJC_MSGSEND = YES;
				ENABLE_TESTABILITY = YES;
				GCC_C_LANGUAGE_STANDARD = gnu11;
				GCC_DYNAMIC_NO_PIC = NO;
				GCC_NO_COMMON_BLOCKS = YES;
				GCC_OPTIMIZATION_LEVEL = 0;
				GCC_PREPROCESSOR_DEFINITIONS = (
					"DEBUG=1",
					"$(inherited)",
				);
				GCC_WARN_64_TO_32_BIT_CONVERSION = YES;
				GCC_WARN_ABOUT_RETURN_TYPE = YES_ERROR;
				GCC_WARN_UNDECLARED_SELECTOR = YES;
				GCC_WARN_UNINITIALIZED_AUTOS = YES_AGGRESSIVE;
				GCC_WARN_UNUSED_FUNCTION = YES;
				GCC_WARN_UNUSED_VARIABLE = YES;
				IPHONEOS_DEPLOYMENT_TARGET = 16.2;
				MTL_ENABLE_DEBUG_INFO = INCLUDE_SOURCE;
				MTL_FAST_MATH = YES;
				ONLY_ACTIVE_ARCH = YES;
				SDKROOT = iphoneos;
				SWIFT_ACTIVE_COMPILATION_CONDITIONS = DEBUG;
				SWIFT_OPTIMIZATION_LEVEL = "-Onone";
			};
			name = Debug;
		};
		5AC087BE29C7869200A01A58 /* Release */ = {
			isa = XCBuildConfiguration;
			buildSettings = {
				ALWAYS_SEARCH_USER_PATHS = NO;
				CLANG_ANALYZER_LOCALIZABILITY_NONLOCALIZED = YES;
				CLANG_ANALYZER_NONNULL = YES;
				CLANG_ANALYZER_NUMBER_OBJECT_CONVERSION = YES_AGGRESSIVE;
				CLANG_CXX_LANGUAGE_STANDARD = "gnu++20";
				CLANG_ENABLE_MODULES = YES;
				CLANG_ENABLE_OBJC_ARC = YES;
				CLANG_ENABLE_OBJC_WEAK = YES;
				CLANG_WARN_BLOCK_CAPTURE_AUTORELEASING = YES;
				CLANG_WARN_BOOL_CONVERSION = YES;
				CLANG_WARN_COMMA = YES;
				CLANG_WARN_CONSTANT_CONVERSION = YES;
				CLANG_WARN_DEPRECATED_OBJC_IMPLEMENTATIONS = YES;
				CLANG_WARN_DIRECT_OBJC_ISA_USAGE = YES_ERROR;
				CLANG_WARN_DOCUMENTATION_COMMENTS = YES;
				CLANG_WARN_EMPTY_BODY = YES;
				CLANG_WARN_ENUM_CONVERSION = YES;
				CLANG_WARN_INFINITE_RECURSION = YES;
				CLANG_WARN_INT_CONVERSION = YES;
				CLANG_WARN_NON_LITERAL_NULL_CONVERSION = YES;
				CLANG_WARN_OBJC_IMPLICIT_RETAIN_SELF = YES;
				CLANG_WARN_OBJC_LITERAL_CONVERSION = YES;
				CLANG_WARN_OBJC_ROOT_CLASS = YES_ERROR;
				CLANG_WARN_QUOTED_INCLUDE_IN_FRAMEWORK_HEADER = YES;
				CLANG_WARN_RANGE_LOOP_ANALYSIS = YES;
				CLANG_WARN_STRICT_PROTOTYPES = YES;
				CLANG_WARN_SUSPICIOUS_MOVE = YES;
				CLANG_WARN_UNGUARDED_AVAILABILITY = YES_AGGRESSIVE;
				CLANG_WARN_UNREACHABLE_CODE = YES;
				CLANG_WARN__DUPLICATE_METHOD_MATCH = YES;
				COPY_PHASE_STRIP = NO;
				DEBUG_INFORMATION_FORMAT = "dwarf-with-dsym";
				ENABLE_NS_ASSERTIONS = NO;
				ENABLE_STRICT_OBJC_MSGSEND = YES;
				GCC_C_LANGUAGE_STANDARD = gnu11;
				GCC_NO_COMMON_BLOCKS = YES;
				GCC_WARN_64_TO_32_BIT_CONVERSION = YES;
				GCC_WARN_ABOUT_RETURN_TYPE = YES_ERROR;
				GCC_WARN_UNDECLARED_SELECTOR = YES;
				GCC_WARN_UNINITIALIZED_AUTOS = YES_AGGRESSIVE;
				GCC_WARN_UNUSED_FUNCTION = YES;
				GCC_WARN_UNUSED_VARIABLE = YES;
				IPHONEOS_DEPLOYMENT_TARGET = 16.2;
				MTL_ENABLE_DEBUG_INFO = NO;
				MTL_FAST_MATH = YES;
				SDKROOT = iphoneos;
				SWIFT_COMPILATION_MODE = wholemodule;
				SWIFT_OPTIMIZATION_LEVEL = "-O";
				VALIDATE_PRODUCT = YES;
			};
			name = Release;
		};
		5AC087C029C7869200A01A58 /* Debug */ = {
			isa = XCBuildConfiguration;
			baseConfigurationReference = B728ACE47C1728A2AF16C50A /* Pods-DiscordApp.debug.xcconfig */;
			buildSettings = {
				ASSETCATALOG_COMPILER_APPICON_NAME = AppIcon;
				ASSETCATALOG_COMPILER_GLOBAL_ACCENT_COLOR_NAME = AccentColor;
				CODE_SIGN_STYLE = Automatic;
				CURRENT_PROJECT_VERSION = 1;
				DEVELOPMENT_TEAM = 534C989ZLQ;
				GENERATE_INFOPLIST_FILE = YES;
				INFOPLIST_FILE = DiscordApp/Info.plist;
				INFOPLIST_KEY_UIApplicationSupportsIndirectInputEvents = YES;
				INFOPLIST_KEY_UILaunchStoryboardName = LaunchScreen;
				INFOPLIST_KEY_UISupportedInterfaceOrientations_iPad = "UIInterfaceOrientationPortrait UIInterfaceOrientationPortraitUpsideDown UIInterfaceOrientationLandscapeLeft UIInterfaceOrientationLandscapeRight";
				INFOPLIST_KEY_UISupportedInterfaceOrientations_iPhone = "UIInterfaceOrientationPortrait UIInterfaceOrientationLandscapeLeft UIInterfaceOrientationLandscapeRight";
				IPHONEOS_DEPLOYMENT_TARGET = 14.0;
				LD_RUNPATH_SEARCH_PATHS = (
					"$(inherited)",
					"@executable_path/Frameworks",
				);
				MARKETING_VERSION = 1.0;
				PRODUCT_BUNDLE_IDENTIFIER = kotleni.DiscordApp;
				PRODUCT_NAME = "$(TARGET_NAME)";
				SUPPORTED_PLATFORMS = "iphoneos iphonesimulator";
				SUPPORTS_MACCATALYST = NO;
				SUPPORTS_MAC_DESIGNED_FOR_IPHONE_IPAD = YES;
				SWIFT_EMIT_LOC_STRINGS = YES;
				SWIFT_VERSION = 5.0;
				TARGETED_DEVICE_FAMILY = "1,2";
			};
			name = Debug;
		};
		5AC087C129C7869200A01A58 /* Release */ = {
			isa = XCBuildConfiguration;
			baseConfigurationReference = 05C23A579C0EC7D6532D645A /* Pods-DiscordApp.release.xcconfig */;
			buildSettings = {
				ASSETCATALOG_COMPILER_APPICON_NAME = AppIcon;
				ASSETCATALOG_COMPILER_GLOBAL_ACCENT_COLOR_NAME = AccentColor;
				CODE_SIGN_STYLE = Automatic;
				CURRENT_PROJECT_VERSION = 1;
				DEVELOPMENT_TEAM = 534C989ZLQ;
				GENERATE_INFOPLIST_FILE = YES;
				INFOPLIST_FILE = DiscordApp/Info.plist;
				INFOPLIST_KEY_UIApplicationSupportsIndirectInputEvents = YES;
				INFOPLIST_KEY_UILaunchStoryboardName = LaunchScreen;
				INFOPLIST_KEY_UISupportedInterfaceOrientations_iPad = "UIInterfaceOrientationPortrait UIInterfaceOrientationPortraitUpsideDown UIInterfaceOrientationLandscapeLeft UIInterfaceOrientationLandscapeRight";
				INFOPLIST_KEY_UISupportedInterfaceOrientations_iPhone = "UIInterfaceOrientationPortrait UIInterfaceOrientationLandscapeLeft UIInterfaceOrientationLandscapeRight";
				IPHONEOS_DEPLOYMENT_TARGET = 14.0;
				LD_RUNPATH_SEARCH_PATHS = (
					"$(inherited)",
					"@executable_path/Frameworks",
				);
				MARKETING_VERSION = 1.0;
				PRODUCT_BUNDLE_IDENTIFIER = kotleni.DiscordApp;
				PRODUCT_NAME = "$(TARGET_NAME)";
				SUPPORTED_PLATFORMS = "iphoneos iphonesimulator";
				SUPPORTS_MACCATALYST = NO;
				SUPPORTS_MAC_DESIGNED_FOR_IPHONE_IPAD = YES;
				SWIFT_EMIT_LOC_STRINGS = YES;
				SWIFT_VERSION = 5.0;
				TARGETED_DEVICE_FAMILY = "1,2";
			};
			name = Release;
		};
/* End XCBuildConfiguration section */

/* Begin XCConfigurationList section */
		5AC087A629C7869000A01A58 /* Build configuration list for PBXProject "DiscordApp" */ = {
			isa = XCConfigurationList;
			buildConfigurations = (
				5AC087BD29C7869200A01A58 /* Debug */,
				5AC087BE29C7869200A01A58 /* Release */,
			);
			defaultConfigurationIsVisible = 0;
			defaultConfigurationName = Release;
		};
		5AC087BF29C7869200A01A58 /* Build configuration list for PBXNativeTarget "DiscordApp" */ = {
			isa = XCConfigurationList;
			buildConfigurations = (
				5AC087C029C7869200A01A58 /* Debug */,
				5AC087C129C7869200A01A58 /* Release */,
			);
			defaultConfigurationIsVisible = 0;
			defaultConfigurationName = Release;
		};
/* End XCConfigurationList section */
	};
	rootObject = 5AC087A329C7869000A01A58 /* Project object */;
}
